
Microsoft Visual Studio Solution File, Format Version 12.00
# Visual Studio Version 17
VisualStudioVersion = 17.8.34330.188
MinimumVisualStudioVersion = 10.0.40219.1
Project("{9A19103F-16F7-4668-BE54-9A1E7A4F7556}") = "Events_Web_application.API", "Events_Web_application.API.csproj", "{A0DF5870-1E3C-487E-8DD2-2FB0E598E886}"
EndProject
Project("{9A19103F-16F7-4668-BE54-9A1E7A4F7556}") = "Event_Web_application.Tests", "..\Event_Web_application.Tests\Event_Web_application.Tests.csproj", "{C3F1B42B-51FF-4D5C-87B6-95E8DD912EF3}"
EndProject
Project("{9A19103F-16F7-4668-BE54-9A1E7A4F7556}") = "Events_Web_application.Application", "..\Events_Web_appliacation.Application\Events_Web_application.Application.csproj", "{6546562D-2B26-48C0-BBF1-778079F39FCD}"
	ProjectSection(ProjectDependencies) = postProject
		{18D388ED-0086-471A-8EE5-B86DD4B3E694} = {18D388ED-0086-471A-8EE5-B86DD4B3E694}
		{77F407C5-C171-4499-9C78-B360AD5BA26E} = {77F407C5-C171-4499-9C78-B360AD5BA26E}
	EndProjectSection
EndProject
Project("{9A19103F-16F7-4668-BE54-9A1E7A4F7556}") = "Events_Web_application.Domain", "..\Events_Web_appliacation.Domain\Events_Web_application.Domain.csproj", "{18D388ED-0086-471A-8EE5-B86DD4B3E694}"
EndProject
Project("{9A19103F-16F7-4668-BE54-9A1E7A4F7556}") = "Events_Web_application.Infrastructure", "..\Events_Web_application.Infrastructure\Events_Web_application.Infrastructure.csproj", "{77F407C5-C171-4499-9C78-B360AD5BA26E}"
	ProjectSection(ProjectDependencies) = postProject
		{18D388ED-0086-471A-8EE5-B86DD4B3E694} = {18D388ED-0086-471A-8EE5-B86DD4B3E694}
	EndProjectSection
EndProject
Project("{2150E333-8FDC-42A3-9474-1A3956D46DE8}") = "Solution Items", "Solution Items", "{51D9A94F-8CC4-4A03-98E7-78296FF04BD5}"
	ProjectSection(SolutionItems) = preProject
		.editorconfig = .editorconfig
	EndProjectSection
EndProject
Global
	GlobalSection(SolutionConfigurationPlatforms) = preSolution
		Debug|Any CPU = Debug|Any CPU
		Release|Any CPU = Release|Any CPU
	EndGlobalSection
	GlobalSection(ProjectConfigurationPlatforms) = postSolution
		{A0DF5870-1E3C-487E-8DD2-2FB0E598E886}.Debug|Any CPU.ActiveCfg = Debug|Any CPU
		{A0DF5870-1E3C-487E-8DD2-2FB0E598E886}.Debug|Any CPU.Build.0 = Debug|Any CPU
		{A0DF5870-1E3C-487E-8DD2-2FB0E598E886}.Release|Any CPU.ActiveCfg = Release|Any CPU
		{A0DF5870-1E3C-487E-8DD2-2FB0E598E886}.Release|Any CPU.Build.0 = Release|Any CPU
		{C3F1B42B-51FF-4D5C-87B6-95E8DD912EF3}.Debug|Any CPU.ActiveCfg = Debug|Any CPU
		{C3F1B42B-51FF-4D5C-87B6-95E8DD912EF3}.Debug|Any CPU.Build.0 = Debug|Any CPU
		{C3F1B42B-51FF-4D5C-87B6-95E8DD912EF3}.Release|Any CPU.ActiveCfg = Release|Any CPU
		{C3F1B42B-51FF-4D5C-87B6-95E8DD912EF3}.Release|Any CPU.Build.0 = Release|Any CPU
		{6546562D-2B26-48C0-BBF1-778079F39FCD}.Debug|Any CPU.ActiveCfg = Debug|Any CPU
		{6546562D-2B26-48C0-BBF1-778079F39FCD}.Debug|Any CPU.Build.0 = Debug|Any CPU
		{6546562D-2B26-48C0-BBF1-778079F39FCD}.Release|Any CPU.ActiveCfg = Release|Any CPU
		{6546562D-2B26-48C0-BBF1-778079F39FCD}.Release|Any CPU.Build.0 = Release|Any CPU
		{18D388ED-0086-471A-8EE5-B86DD4B3E694}.Debug|Any CPU.ActiveCfg = Debug|Any CPU
		{18D388ED-0086-471A-8EE5-B86DD4B3E694}.Debug|Any CPU.Build.0 = Debug|Any CPU
		{18D388ED-0086-471A-8EE5-B86DD4B3E694}.Release|Any CPU.ActiveCfg = Release|Any CPU
		{18D388ED-0086-471A-8EE5-B86DD4B3E694}.Release|Any CPU.Build.0 = Release|Any CPU
		{77F407C5-C171-4499-9C78-B360AD5BA26E}.Debug|Any CPU.ActiveCfg = Debug|Any CPU
		{77F407C5-C171-4499-9C78-B360AD5BA26E}.Debug|Any CPU.Build.0 = Debug|Any CPU
		{77F407C5-C171-4499-9C78-B360AD5BA26E}.Release|Any CPU.ActiveCfg = Release|Any CPU
		{77F407C5-C171-4499-9C78-B360AD5BA26E}.Release|Any CPU.Build.0 = Release|Any CPU
	EndGlobalSection
	GlobalSection(SolutionProperties) = preSolution
		HideSolutionNode = FALSE
	EndGlobalSection
	GlobalSection(ExtensibilityGlobals) = postSolution
		SolutionGuid = {E55FAC61-D29D-4054-9662-16F74E2A308C}
	EndGlobalSection
EndGlobal
